# This file is automatically @generated by Cargo.
# It is not intended for manual editing.
version = 4

[[package]]
name = "velnor-actions-actionlint"
version = "0.1.0"

[[package]]
name = "velnor-actions-cli"
version = "0.1.0"

[[package]]
name = "velnor-actions-contract"
version = "0.1.0"

[[package]]
name = "velnor-actions-mise"
version = "0.1.0"

[[package]]
name = "velnor-actions-orchestrator"
version = "0.1.0"

[[package]]
name = "velnor-actions-rust"
version = "0.1.0"

[[package]]
name = "velnor-actions-workflow-renderer"
version = "0.1.0"
