# @generated - this file is auto-generated by `mise lock` https://mise.jdx.dev/dev-tools/mise-lock.html

[[tools."aqua:nextest-rs/nextest/cargo-nextest"]]
version = "0.9.146"
backend = "aqua:nextest-rs/nextest/cargo-nextest"

[tools."aqua:nextest-rs/nextest/cargo-nextest"."platforms.linux-x64"]
checksum = "sha256:682c21b777c333e96fd532e114d3a5a894e0729ab88d94c0a9f20f8419695428"
url = "https://github.com/nextest-rs/nextest/releases/download/cargo-nextest-0.9.146/cargo-nextest-0.9.146-x86_64-unknown-linux-gnu.tar.gz"
url_api = "https://api.github.com/repos/nextest-rs/nextest/releases/assets/579609342"

[tools."aqua:nextest-rs/nextest/cargo-nextest"."platforms.linux-x64-baseline"]
checksum = "sha256:682c21b777c333e96fd532e114d3a5a894e0729ab88d94c0a9f20f8419695428"
url = "https://github.com/nextest-rs/nextest/releases/download/cargo-nextest-0.9.146/cargo-nextest-0.9.146-x86_64-unknown-linux-gnu.tar.gz"
url_api = "https://api.github.com/repos/nextest-rs/nextest/releases/assets/579609342"

[tools."aqua:nextest-rs/nextest/cargo-nextest"."platforms.linux-x64-musl"]
checksum = "sha256:b64617e8640624e8f9ba99819e37d7971154e97836d7ae4774fed4715501a6aa"
url = "https://github.com/nextest-rs/nextest/releases/download/cargo-nextest-0.9.146/cargo-nextest-0.9.146-x86_64-unknown-linux-musl.tar.gz"
url_api = "https://api.github.com/repos/nextest-rs/nextest/releases/assets/579610024"

[tools."aqua:nextest-rs/nextest/cargo-nextest"."platforms.linux-x64-musl-baseline"]
checksum = "sha256:b64617e8640624e8f9ba99819e37d7971154e97836d7ae4774fed4715501a6aa"
url = "https://github.com/nextest-rs/nextest/releases/download/cargo-nextest-0.9.146/cargo-nextest-0.9.146-x86_64-unknown-linux-musl.tar.gz"
url_api = "https://api.github.com/repos/nextest-rs/nextest/releases/assets/579610024"

[tools."aqua:nextest-rs/nextest/cargo-nextest"."platforms.macos-arm64"]
checksum = "sha256:39785160b3c2f6ed9a765049cf4fa79f3b39aa02eb7598a5a0e2a1a0b9ffb9a8"
url = "https://github.com/nextest-rs/nextest/releases/download/cargo-nextest-0.9.146/cargo-nextest-0.9.146-universal-apple-darwin.tar.gz"
url_api = "https://api.github.com/repos/nextest-rs/nextest/releases/assets/579630774"

[[tools.bun]]
version = "1.4.2"
backend = "core:bun"

[tools.bun."platforms.linux-x64"]
checksum = "sha256:36368faef7527875d5ffa52e53cd48021741f2a83eb6208a8dd64068d422a913"
url = "https://github.com/oven-sh/bun/releases/download/bun-v1.4.2/bun-linux-x64.zip"

[tools.bun."platforms.linux-x64-baseline"]
checksum = "sha256:c678040f14fe0440eb839d37cbd0ce4c051a32da72806ac97de6a6aab6bf728f"
url = "https://github.com/oven-sh/bun/releases/download/bun-v1.4.2/bun-linux-x64-baseline.zip"

[tools.bun."platforms.linux-x64-musl"]
checksum = "sha256:4835eca59d6da70f4674f5642f6e459dcadab773695b2ed9922d131057989742"
url = "https://github.com/oven-sh/bun/releases/download/bun-v1.4.2/bun-linux-x64-musl.zip"

[tools.bun."platforms.linux-x64-musl-baseline"]
checksum = "sha256:76e1db84e98f22f78de0a87e309bfbbf297732847f9720db36750646c85c8c18"
url = "https://github.com/oven-sh/bun/releases/download/bun-v1.4.2/bun-linux-x64-musl-baseline.zip"

[tools.bun."platforms.macos-arm64"]
checksum = "sha256:90987a3a16d7db556d886ac3d551e7b6d3edf0a1cf43acaed622e8676be1d12f"
url = "https://github.com/oven-sh/bun/releases/download/bun-v1.4.2/bun-darwin-aarch64.zip"

[[tools."cargo:rust-script"]]
version = "0.36.0"
backend = "cargo:rust-script"

[[tools.fnox]]
version = "1.35.1"
backend = "github:jdx/fnox"

[tools.fnox."platforms.linux-x64"]
checksum = "sha256:ecdbccd01cac2d5e32601636cc0a7b1d8b1501151b4683d660b1c024763ced45"
url = "https://github.com/jdx/fnox/releases/download/v1.35.1/fnox-x86_64-unknown-linux-gnu.tar.gz"
url_api = "https://api.github.com/repos/jdx/fnox/releases/assets/546210980"
provenance = "github-attestations"

[tools.fnox."platforms.linux-x64-baseline"]
checksum = "sha256:ecdbccd01cac2d5e32601636cc0a7b1d8b1501151b4683d660b1c024763ced45"
url = "https://github.com/jdx/fnox/releases/download/v1.35.1/fnox-x86_64-unknown-linux-gnu.tar.gz"
url_api = "https://api.github.com/repos/jdx/fnox/releases/assets/546210980"
provenance = "github-attestations"

[tools.fnox."platforms.linux-x64-musl"]
checksum = "sha256:491aaab498435e9edfdd8561ddc571a684cec49cee653f294544bcdf04857cca"
url = "https://github.com/jdx/fnox/releases/download/v1.35.1/fnox-x86_64-unknown-linux-musl.tar.gz"
url_api = "https://api.github.com/repos/jdx/fnox/releases/assets/546210978"
provenance = "github-attestations"

[tools.fnox."platforms.linux-x64-musl-baseline"]
checksum = "sha256:491aaab498435e9edfdd8561ddc571a684cec49cee653f294544bcdf04857cca"
url = "https://github.com/jdx/fnox/releases/download/v1.35.1/fnox-x86_64-unknown-linux-musl.tar.gz"
url_api = "https://api.github.com/repos/jdx/fnox/releases/assets/546210978"
provenance = "github-attestations"

[tools.fnox."platforms.macos-arm64"]
checksum = "sha256:9b733a2b9e3e893e73131cc3c7d64c8596de4c7210b47f3695ed4011d798a1e6"
url = "https://github.com/jdx/fnox/releases/download/v1.35.1/fnox-aarch64-apple-darwin.tar.gz"
url_api = "https://api.github.com/repos/jdx/fnox/releases/assets/546210951"
provenance = "github-attestations"
provenance_verified = true

[[tools.java]]
version = "oracle-graalvm-25.0.3"
backend = "core:java"

[tools.java."platforms.linux-x64"]
checksum = "sha256:1b5296613c3d12521d594e1c99302df88d8e1f07d74ab7983dbf572000b92c7c"
url = "https://download.oracle.com/graalvm/25/archive/graalvm-jdk-25.0.3_linux-x64_bin.tar.gz"

[tools.java."platforms.linux-x64-baseline"]
checksum = "sha256:1b5296613c3d12521d594e1c99302df88d8e1f07d74ab7983dbf572000b92c7c"
url = "https://download.oracle.com/graalvm/25/archive/graalvm-jdk-25.0.3_linux-x64_bin.tar.gz"

[tools.java."platforms.macos-arm64"]
checksum = "sha256:a3f02287883d76b18b2b80de56b0be5729acb3c04b81d4b0b0fdfcfd935228f3"
url = "https://download.oracle.com/graalvm/25/archive/graalvm-jdk-25.0.3_macos-aarch64_bin.tar.gz"

[[tools.node]]
version = "24.20.0"
backend = "core:node"

[tools.node."platforms.linux-x64"]
checksum = "sha256:855d581f8a4eb1a8117e3426de25fe02770592febcfb31369aee1ffbfee9e8ec"
url = "https://nodejs.org/dist/v24.20.0/node-v24.20.0-linux-x64.tar.gz"

[tools.node."platforms.linux-x64-baseline"]
checksum = "sha256:855d581f8a4eb1a8117e3426de25fe02770592febcfb31369aee1ffbfee9e8ec"
url = "https://nodejs.org/dist/v24.20.0/node-v24.20.0-linux-x64.tar.gz"

[tools.node."platforms.linux-x64-musl"]
checksum = "sha256:9ae1399fef4bd8990e15773ce1327b336a20b9e97d8c7549f4f42ca73c43f562"
url = "https://unofficial-builds.nodejs.org/download/release/v24.20.0/node-v24.20.0-linux-x64-musl.tar.gz"

[tools.node."platforms.linux-x64-musl-baseline"]
checksum = "sha256:9ae1399fef4bd8990e15773ce1327b336a20b9e97d8c7549f4f42ca73c43f562"
url = "https://unofficial-builds.nodejs.org/download/release/v24.20.0/node-v24.20.0-linux-x64-musl.tar.gz"

[tools.node."platforms.macos-arm64"]
checksum = "sha256:40e5607e5ecb3db9192723776da2d75d966260fc74a7a9e731c1bd67dda96bc8"
url = "https://nodejs.org/dist/v24.20.0/node-v24.20.0-darwin-arm64.tar.gz"

[[tools.protoc]]
version = "36.2"
backend = "aqua:protocolbuffers/protobuf/protoc"

[tools.protoc."platforms.linux-x64"]
checksum = "sha256:121f6c7afe1d4d0e3ea6aab9432038599250134cbf4474cb1167d2c7decd4278"
url = "https://github.com/protocolbuffers/protobuf/releases/download/v36.2/protoc-36.2-linux-x86_64.zip"
url_api = "https://api.github.com/repos/protocolbuffers/protobuf/releases/assets/570742434"

[tools.protoc."platforms.linux-x64-baseline"]
checksum = "sha256:121f6c7afe1d4d0e3ea6aab9432038599250134cbf4474cb1167d2c7decd4278"
url = "https://github.com/protocolbuffers/protobuf/releases/download/v36.2/protoc-36.2-linux-x86_64.zip"
url_api = "https://api.github.com/repos/protocolbuffers/protobuf/releases/assets/570742434"

[tools.protoc."platforms.linux-x64-musl"]
checksum = "sha256:121f6c7afe1d4d0e3ea6aab9432038599250134cbf4474cb1167d2c7decd4278"
url = "https://github.com/protocolbuffers/protobuf/releases/download/v36.2/protoc-36.2-linux-x86_64.zip"
url_api = "https://api.github.com/repos/protocolbuffers/protobuf/releases/assets/570742434"

[tools.protoc."platforms.linux-x64-musl-baseline"]
checksum = "sha256:121f6c7afe1d4d0e3ea6aab9432038599250134cbf4474cb1167d2c7decd4278"
url = "https://github.com/protocolbuffers/protobuf/releases/download/v36.2/protoc-36.2-linux-x86_64.zip"
url_api = "https://api.github.com/repos/protocolbuffers/protobuf/releases/assets/570742434"

[tools.protoc."platforms.macos-arm64"]
checksum = "sha256:9cd98a532c5c5e0c4161314de0225de27e4c8a323917b6ea7b1b714d3ae23466"
url = "https://github.com/protocolbuffers/protobuf/releases/download/v36.2/protoc-36.2-osx-aarch_64.zip"
url_api = "https://api.github.com/repos/protocolbuffers/protobuf/releases/assets/570742436"

[[tools.python]]
version = "3.14.7"
backend = "core:python"

[tools.python."platforms.linux-x64"]
checksum = "sha256:3959f92825141e04adf44982d3a83ee57af0877e893b0796e04c1468749d9b04"
url = "https://github.com/astral-sh/python-build-standalone/releases/download/20260901/cpython-3.14.7+20260901-x86_64-unknown-linux-gnu-install_only_stripped.tar.gz"
provenance = "github-attestations"

[tools.python."platforms.linux-x64-baseline"]
checksum = "sha256:da5357f47b1d9c8d4c439004d463d893ef688a44c27438a62b47073d26d1377e"
url = "https://github.com/astral-sh/python-build-standalone/releases/download/20260929/cpython-3.14.7+20260929-x86_64-unknown-linux-gnu-install_only_stripped.tar.gz"
provenance = "github-attestations"

[tools.python."platforms.linux-x64-musl"]
checksum = "sha256:ecb40bf33dd24d43fe44f7830e0933cd5755d3cf02e45dc404a0cfb0ea6ce0d0"
url = "https://github.com/astral-sh/python-build-standalone/releases/download/20260929/cpython-3.14.7+20260929-x86_64-unknown-linux-musl-install_only_stripped.tar.gz"
provenance = "github-attestations"

[tools.python."platforms.linux-x64-musl-baseline"]
checksum = "sha256:ecb40bf33dd24d43fe44f7830e0933cd5755d3cf02e45dc404a0cfb0ea6ce0d0"
url = "https://github.com/astral-sh/python-build-standalone/releases/download/20260929/cpython-3.14.7+20260929-x86_64-unknown-linux-musl-install_only_stripped.tar.gz"
provenance = "github-attestations"

[tools.python."platforms.macos-arm64"]
checksum = "sha256:4632cb1a6edad9e73d3c81b6d2e69131637d995173e3e85005df14102b0592ba"
url = "https://github.com/astral-sh/python-build-standalone/releases/download/20260901/cpython-3.14.7+20260901-aarch64-apple-darwin-install_only_stripped.tar.gz"
provenance = "github-attestations"

[[tools.rust]]
version = "1.98.1"
backend = "core:rust"

[tools.rust.options]
components = "clippy,rustfmt"
